// !$*UTF8*$!
{
	archiveVersion = 1;
	classes = {
	};
	objectVersion = 46;
	objects = {

/* Begin PBXBuildFile section */
		ED7F0DAF19DAE761004F755A /* main.m in Sources */ = {isa = PBXBuildFile; fileRef = ED7F0DAE19DAE761004F755A /* main.m */; };
		ED7F0DB219DAE761004F755A /* AppDelegate.m in Sources */ = {isa = PBXBuildFile; fileRef = ED7F0DB119DAE761004F755A /* AppDelegate.m */; };
		ED7F0DB519DAE761004F755A /* GameScene.m in Sources */ = {isa = PBXBuildFile; fileRef = ED7F0DB419DAE761004F755A /* GameScene.m */; };
		ED7F0DB719DAE761004F755A /* GameScene.sks in Resources */ = {isa = PBXBuildFile; fileRef = ED7F0DB619DAE761004F755A /* GameScene.sks */; };
		ED7F0DBA19DAE761004F755A /* GameViewController.m in Sources */ = {isa = PBXBuildFile; fileRef = ED7F0DB919DAE761004F755A /* GameViewController.m */; };
		ED7F0DBD19DAE761004F755A /* Main.storyboard in Resources */ = {isa = PBXBuildFile; fileRef = ED7F0DBB19DAE761004F755A /* Main.storyboard */; };
		ED7F0DBF19DAE761004F755A /* Images.xcassets in Resources */ = {isa = PBXBuildFile; fileRef = ED7F0DBE19DAE761004F755A /* Images.xcassets */; };
		ED7F0DC219DAE761004F755A /* LaunchScreen.xib in Resources */ = {isa = PBXBuildFile; fileRef = ED7F0DC019DAE761004F755A /* LaunchScreen.xib */; };
		ED7F0DCE19DAE761004F755A /* CircuitRacerTests.m in Sources */ = {isa = PBXBuildFile; fileRef = ED7F0DCD19DAE761004F755A /* CircuitRacerTests.m */; };
		ED7F0E1119DAE792004F755A /* achievement-amateur.png in Resources */ = {isa = PBXBuildFile; fileRef = ED7F0DD919DAE792004F755A /* achievement-amateur.png */; };
		ED7F0E1219DAE792004F755A /* achievement-destruction.png in Resources */ = {isa = PBXBuildFile; fileRef = ED7F0DDA19DAE792004F755A /* achievement-destruction.png */; };
		ED7F0E1319DAE792004F755A /* achievement-intermediate.png in Resources */ = {isa = PBXBuildFile; fileRef = ED7F0DDB19DAE792004F755A /* achievement-intermediate.png */; };
		ED7F0E1419DAE792004F755A /* achievement-professional.png in Resources */ = {isa = PBXBuildFile; fileRef = ED7F0DDC19DAE792004F755A /* achievement-professional.png */; };
		ED7F0E1519DAE792004F755A /* bg-main-menu.png in Resources */ = {isa = PBXBuildFile; fileRef = ED7F0DDE19DAE792004F755A /* bg-main-menu.png */; };
		ED7F0E1619DAE792004F755A /* bg-main-menu@2x.png in Resources */ = {isa = PBXBuildFile; fileRef = ED7F0DDF19DAE792004F755A /* bg-main-menu@2x.png */; };
		ED7F0E1719DAE792004F755A /* bg-select-car.png in Resources */ = {isa = PBXBuildFile; fileRef = ED7F0DE019DAE792004F755A /* bg-select-car.png */; };
		ED7F0E1819DAE792004F755A /* bg-select-car@2x.png in Resources */ = {isa = PBXBuildFile; fileRef = ED7F0DE119DAE792004F755A /* bg-select-car@2x.png */; };
		ED7F0E1919DAE792004F755A /* bg-select-difficulty.png in Resources */ = {isa = PBXBuildFile; fileRef = ED7F0DE219DAE792004F755A /* bg-select-difficulty.png */; };
		ED7F0E1A19DAE792004F755A /* bg-select-difficulty@2x.png in Resources */ = {isa = PBXBuildFile; fileRef = ED7F0DE319DAE792004F755A /* bg-select-difficulty@2x.png */; };
		ED7F0E1B19DAE792004F755A /* track_1.png in Resources */ = {isa = PBXBuildFile; fileRef = ED7F0DE419DAE792004F755A /* track_1.png */; };
		ED7F0E1C19DAE792004F755A /* track_1@2x.png in Resources */ = {isa = PBXBuildFile; fileRef = ED7F0DE519DAE792004F755A /* track_1@2x.png */; };
		ED7F0E1D19DAE792004F755A /* track_2.png in Resources */ = {isa = PBXBuildFile; fileRef = ED7F0DE619DAE792004F755A /* track_2.png */; };
		ED7F0E1E19DAE792004F755A /* track_2@2x.png in Resources */ = {isa = PBXBuildFile; fileRef = ED7F0DE719DAE792004F755A /* track_2@2x.png */; };
		ED7F0E1F19DAE792004F755A /* track_3.png in Resources */ = {isa = PBXBuildFile; fileRef = ED7F0DE819DAE792004F755A /* track_3.png */; };
		ED7F0E2019DAE792004F755A /* track_3@2x.png in Resources */ = {isa = PBXBuildFile; fileRef = ED7F0DE919DAE792004F755A /* track_3@2x.png */; };
		ED7F0E2119DAE792004F755A /* base.png in Resources */ = {isa = PBXBuildFile; fileRef = ED7F0DEB19DAE792004F755A /* base.png */; };
		ED7F0E2219DAE792004F755A /* base@2x.png in Resources */ = {isa = PBXBuildFile; fileRef = ED7F0DEC19DAE792004F755A /* base@2x.png */; };
		ED7F0E2319DAE792004F755A /* btn-back.png in Resources */ = {isa = PBXBuildFile; fileRef = ED7F0DED19DAE792004F755A /* btn-back.png */; };
		ED7F0E2419DAE792004F755A /* btn-back@2x.png in Resources */ = {isa = PBXBuildFile; fileRef = ED7F0DEE19DAE792004F755A /* btn-back@2x.png */; };
		ED7F0E2519DAE792004F755A /* btn-car1.png in Resources */ = {isa = PBXBuildFile; fileRef = ED7F0DEF19DAE792004F755A /* btn-car1.png */; };
		ED7F0E2619DAE792004F755A /* btn-car1@2x.png in Resources */ = {isa = PBXBuildFile; fileRef = ED7F0DF019DAE792004F755A /* btn-car1@2x.png */; };
		ED7F0E2719DAE792004F755A /* btn-car2.png in Resources */ = {isa = PBXBuildFile; fileRef = ED7F0DF119DAE792004F755A /* btn-car2.png */; };
		ED7F0E2819DAE792004F755A /* btn-car2@2x.png in Resources */ = {isa = PBXBuildFile; fileRef = ED7F0DF219DAE792004F755A /* btn-car2@2x.png */; };
		ED7F0E2919DAE792004F755A /* btn-car3.png in Resources */ = {isa = PBXBuildFile; fileRef = ED7F0DF319DAE792004F755A /* btn-car3.png */; };
		ED7F0E2A19DAE792004F755A /* btn-car3@2x.png in Resources */ = {isa = PBXBuildFile; fileRef = ED7F0DF419DAE792004F755A /* btn-car3@2x.png */; };
		ED7F0E2B19DAE792004F755A /* btn-easy.png in Resources */ = {isa = PBXBuildFile; fileRef = ED7F0DF519DAE792004F755A /* btn-easy.png */; };
		ED7F0E2C19DAE792004F755A /* btn-easy@2x.png in Resources */ = {isa = PBXBuildFile; fileRef = ED7F0DF619DAE792004F755A /* btn-easy@2x.png */; };
		ED7F0E2D19DAE792004F755A /* btn-gamecenter.png in Resources */ = {isa = PBXBuildFile; fileRef = ED7F0DF719DAE792004F755A /* btn-gamecenter.png */; };
		ED7F0E2E19DAE792004F755A /* btn-gamecenter@2x.png in Resources */ = {isa = PBXBuildFile; fileRef = ED7F0DF819DAE792004F755A /* btn-gamecenter@2x.png */; };
		ED7F0E2F19DAE792004F755A /* btn-hard.png in Resources */ = {isa = PBXBuildFile; fileRef = ED7F0DF919DAE792004F755A /* btn-hard.png */; };
		ED7F0E3019DAE792004F755A /* btn-hard@2x.png in Resources */ = {isa = PBXBuildFile; fileRef = ED7F0DFA19DAE792004F755A /* btn-hard@2x.png */; };
		ED7F0E3119DAE792004F755A /* btn-medium.png in Resources */ = {isa = PBXBuildFile; fileRef = ED7F0DFB19DAE792004F755A /* btn-medium.png */; };
		ED7F0E3219DAE792004F755A /* btn-medium@2x.png in Resources */ = {isa = PBXBuildFile; fileRef = ED7F0DFC19DAE792004F755A /* btn-medium@2x.png */; };
		ED7F0E3319DAE792004F755A /* btn-pause.png in Resources */ = {isa = PBXBuildFile; fileRef = ED7F0DFD19DAE792004F755A /* btn-pause.png */; };
		ED7F0E3419DAE792004F755A /* btn-pause@2x.png in Resources */ = {isa = PBXBuildFile; fileRef = ED7F0DFE19DAE792004F755A /* btn-pause@2x.png */; };
		ED7F0E3519DAE792004F755A /* btn-play.png in Resources */ = {isa = PBXBuildFile; fileRef = ED7F0DFF19DAE792004F755A /* btn-play.png */; };
		ED7F0E3619DAE792004F755A /* btn-play@2x.png in Resources */ = {isa = PBXBuildFile; fileRef = ED7F0E0019DAE792004F755A /* btn-play@2x.png */; };
		ED7F0E3719DAE792004F755A /* knob.png in Resources */ = {isa = PBXBuildFile; fileRef = ED7F0E0119DAE792004F755A /* knob.png */; };
		ED7F0E3819DAE792004F755A /* knob@2x.png in Resources */ = {isa = PBXBuildFile; fileRef = ED7F0E0219DAE792004F755A /* knob@2x.png */; };
		ED7F0E3919DAE792004F755A /* steering-wheel-horn.png in Resources */ = {isa = PBXBuildFile; fileRef = ED7F0E0319DAE792004F755A /* steering-wheel-horn.png */; };
		ED7F0E3A19DAE792004F755A /* steering-wheel-horn@2x.png in Resources */ = {isa = PBXBuildFile; fileRef = ED7F0E0419DAE792004F755A /* steering-wheel-horn@2x.png */; };
		ED7F0E3B19DAE792004F755A /* steering-wheel.png in Resources */ = {isa = PBXBuildFile; fileRef = ED7F0E0519DAE792004F755A /* steering-wheel.png */; };
		ED7F0E3C19DAE792004F755A /* steering-wheel@2x.png in Resources */ = {isa = PBXBuildFile; fileRef = ED7F0E0619DAE792004F755A /* steering-wheel@2x.png */; };
		ED7F0E3D19DAE792004F755A /* LevelDetails.plist in Resources */ = {isa = PBXBuildFile; fileRef = ED7F0E0819DAE792004F755A /* LevelDetails.plist */; };
		ED7F0E3E19DAE792004F755A /* box.wav in Resources */ = {isa = PBXBuildFile; fileRef = ED7F0E0A19DAE792004F755A /* box.wav */; };
		ED7F0E3F19DAE792004F755A /* button_press.wav in Resources */ = {isa = PBXBuildFile; fileRef = ED7F0E0B19DAE792004F755A /* button_press.wav */; };
		ED7F0E4019DAE792004F755A /* circuitracer.mp3 in Resources */ = {isa = PBXBuildFile; fileRef = ED7F0E0C19DAE792004F755A /* circuitracer.mp3 */; };
		ED7F0E4119DAE792004F755A /* horn.wav in Resources */ = {isa = PBXBuildFile; fileRef = ED7F0E0D19DAE792004F755A /* horn.wav */; };
		ED7F0E4219DAE792004F755A /* lap.wav in Resources */ = {isa = PBXBuildFile; fileRef = ED7F0E0E19DAE792004F755A /* lap.wav */; };
		ED7F0E4319DAE792004F755A /* nitro.wav in Resources */ = {isa = PBXBuildFile; fileRef = ED7F0E0F19DAE792004F755A /* nitro.wav */; };
		ED7F0E4419DAE792004F755A /* sprites.atlas in Resources */ = {isa = PBXBuildFile; fileRef = ED7F0E1019DAE792004F755A /* sprites.atlas */; };
		EDCB5D2019DC260D00640824 /* SKAction+SKTExtras.m in Sources */ = {isa = PBXBuildFile; fileRef = EDCB5D1719DC260D00640824 /* SKAction+SKTExtras.m */; };
		EDCB5D2119DC260D00640824 /* SKEmitterNode+SKTExtras.m in Sources */ = {isa = PBXBuildFile; fileRef = EDCB5D1919DC260D00640824 /* SKEmitterNode+SKTExtras.m */; };
		EDCB5D2219DC260D00640824 /* SKNode+SKTExtras.m in Sources */ = {isa = PBXBuildFile; fileRef = EDCB5D1B19DC260D00640824 /* SKNode+SKTExtras.m */; };
		EDCB5D2319DC260D00640824 /* SKTAudio.m in Sources */ = {isa = PBXBuildFile; fileRef = EDCB5D1D19DC260D00640824 /* SKTAudio.m */; };
		EDCB5D2419DC260D00640824 /* SKTUtils.mm in Sources */ = {isa = PBXBuildFile; fileRef = EDCB5D1F19DC260D00640824 /* SKTUtils.mm */; };
/* End PBXBuildFile section */

/* Begin PBXContainerItemProxy section */
		ED7F0DC819DAE761004F755A /* PBXContainerItemProxy */ = {
			isa = PBXContainerItemProxy;
			containerPortal = ED7F0DA119DAE760004F755A /* Project object */;
			proxyType = 1;
			remoteGlobalIDString = ED7F0DA819DAE761004F755A;
			remoteInfo = CircuitRacer;
		};
/* End PBXContainerItemProxy section */

/* Begin PBXFileReference section */
		ED7F0DA919DAE761004F755A /* CircuitRacer.app */ = {isa = PBXFileReference; explicitFileType = wrapper.application; includeInIndex = 0; path = CircuitRacer.app; sourceTree = BUILT_PRODUCTS_DIR; };
		ED7F0DAD19DAE761004F755A /* Info.plist */ = {isa = PBXFileReference; lastKnownFileType = text.plist.xml; path = Info.plist; sourceTree = "<group>"; };
		ED7F0DAE19DAE761004F755A /* main.m */ = {isa = PBXFileReference; lastKnownFileType = sourcecode.c.objc; path = main.m; sourceTree = "<group>"; };
		ED7F0DB019DAE761004F755A /* AppDelegate.h */ = {isa = PBXFileReference; lastKnownFileType = sourcecode.c.h; path = AppDelegate.h; sourceTree = "<group>"; };
		ED7F0DB119DAE761004F755A /* AppDelegate.m */ = {isa = PBXFileReference; lastKnownFileType = sourcecode.c.objc; path = AppDelegate.m; sourceTree = "<group>"; };
		ED7F0DB319DAE761004F755A /* GameScene.h */ = {isa = PBXFileReference; lastKnownFileType = sourcecode.c.h; path = GameScene.h; sourceTree = "<group>"; };
		ED7F0DB419DAE761004F755A /* GameScene.m */ = {isa = PBXFileReference; lastKnownFileType = sourcecode.c.objc; path = GameScene.m; sourceTree = "<group>"; };
		ED7F0DB619DAE761004F755A /* GameScene.sks */ = {isa = PBXFileReference; lastKnownFileType = file.sks; path = GameScene.sks; sourceTree = "<group>"; };
		ED7F0DB819DAE761004F755A /* GameViewController.h */ = {isa = PBXFileReference; lastKnownFileType = sourcecode.c.h; path = GameViewController.h; sourceTree = "<group>"; };
		ED7F0DB919DAE761004F755A /* GameViewController.m */ = {isa = PBXFileReference; lastKnownFileType = sourcecode.c.objc; path = GameViewController.m; sourceTree = "<group>"; };
		ED7F0DBC19DAE761004F755A /* Base */ = {isa = PBXFileReference; lastKnownFileType = file.storyboard; name = Base; path = Base.lproj/Main.storyboard; sourceTree = "<group>"; };
		ED7F0DBE19DAE761004F755A /* Images.xcassets */ = {isa = PBXFileReference; lastKnownFileType = folder.assetcatalog; path = Images.xcassets; sourceTree = "<group>"; };
		ED7F0DC119DAE761004F755A /* Base */ = {isa = PBXFileReference; lastKnownFileType = file.xib; name = Base; path = Base.lproj/LaunchScreen.xib; sourceTree = "<group>"; };
		ED7F0DC719DAE761004F755A /* CircuitRacerTests.xctest */ = {isa = PBXFileReference; explicitFileType = wrapper.cfbundle; includeInIndex = 0; path = CircuitRacerTests.xctest; sourceTree = BUILT_PRODUCTS_DIR; };
		ED7F0DCC19DAE761004F755A /* Info.plist */ = {isa = PBXFileReference; lastKnownFileType = text.plist.xml; path = Info.plist; sourceTree = "<group>"; };
		ED7F0DCD19DAE761004F755A /* CircuitRacerTests.m */ = {isa = PBXFileReference; lastKnownFileType = sourcecode.c.objc; path = CircuitRacerTests.m; sourceTree = "<group>"; };
		ED7F0DD919DAE792004F755A /* achievement-amateur.png */ = {isa = PBXFileReference; lastKnownFileType = image.png; path = "achievement-amateur.png"; sourceTree = "<group>"; };
		ED7F0DDA19DAE792004F755A /* achievement-destruction.png */ = {isa = PBXFileReference; lastKnownFileType = image.png; path = "achievement-destruction.png"; sourceTree = "<group>"; };
		ED7F0DDB19DAE792004F755A /* achievement-intermediate.png */ = {isa = PBXFileReference; lastKnownFileType = image.png; path = "achievement-intermediate.png"; sourceTree = "<group>"; };
		ED7F0DDC19DAE792004F755A /* achievement-professional.png */ = {isa = PBXFileReference; lastKnownFileType = image.png; path = "achievement-professional.png"; sourceTree = "<group>"; };
		ED7F0DDE19DAE792004F755A /* bg-main-menu.png */ = {isa = PBXFileReference; lastKnownFileType = image.png; path = "bg-main-menu.png"; sourceTree = "<group>"; };
		ED7F0DDF19DAE792004F755A /* bg-main-menu@2x.png */ = {isa = PBXFileReference; lastKnownFileType = image.png; path = "bg-main-menu@2x.png"; sourceTree = "<group>"; };
		ED7F0DE019DAE792004F755A /* bg-select-car.png */ = {isa = PBXFileReference; lastKnownFileType = image.png; path = "bg-select-car.png"; sourceTree = "<group>"; };
		ED7F0DE119DAE792004F755A /* bg-select-car@2x.png */ = {isa = PBXFileReference; lastKnownFileType = image.png; path = "bg-select-car@2x.png"; sourceTree = "<group>"; };
		ED7F0DE219DAE792004F755A /* bg-select-difficulty.png */ = {isa = PBXFileReference; lastKnownFileType = image.png; path = "bg-select-difficulty.png"; sourceTree = "<group>"; };
		ED7F0DE319DAE792004F755A /* bg-select-difficulty@2x.png */ = {isa = PBXFileReference; lastKnownFileType = image.png; path = "bg-select-difficulty@2x.png"; sourceTree = "<group>"; };
		ED7F0DE419DAE792004F755A /* track_1.png */ = {isa = PBXFileReference; lastKnownFileType = image.png; path = track_1.png; sourceTree = "<group>"; };
		ED7F0DE519DAE792004F755A /* track_1@2x.png */ = {isa = PBXFileReference; lastKnownFileType = image.png; path = "track_1@2x.png"; sourceTree = "<group>"; };
		ED7F0DE619DAE792004F755A /* track_2.png */ = {isa = PBXFileReference; lastKnownFileType = image.png; path = track_2.png; sourceTree = "<group>"; };
		ED7F0DE719DAE792004F755A /* track_2@2x.png */ = {isa = PBXFileReference; lastKnownFileType = image.png; path = "track_2@2x.png"; sourceTree = "<group>"; };
		ED7F0DE819DAE792004F755A /* track_3.png */ = {isa = PBXFileReference; lastKnownFileType = image.png; path = track_3.png; sourceTree = "<group>"; };
		ED7F0DE919DAE792004F755A /* track_3@2x.png */ = {isa = PBXFileReference; lastKnownFileType = image.png; path = "track_3@2x.png"; sourceTree = "<group>"; };
		ED7F0DEB19DAE792004F755A /* base.png */ = {isa = PBXFileReference; lastKnownFileType = image.png; path = base.png; sourceTree = "<group>"; };
		ED7F0DEC19DAE792004F755A /* base@2x.png */ = {isa = PBXFileReference; lastKnownFileType = image.png; path = "base@2x.png"; sourceTree = "<group>"; };
		ED7F0DED19DAE792004F755A /* btn-back.png */ = {isa = PBXFileReference; lastKnownFileType = image.png; path = "btn-back.png"; sourceTree = "<group>"; };
		ED7F0DEE19DAE792004F755A /* btn-back@2x.png */ = {isa = PBXFileReference; lastKnownFileType = image.png; path = "btn-back@2x.png"; sourceTree = "<group>"; };
		ED7F0DEF19DAE792004F755A /* btn-car1.png */ = {isa = PBXFileReference; lastKnownFileType = image.png; path = "btn-car1.png"; sourceTree = "<group>"; };
		ED7F0DF019DAE792004F755A /* btn-car1@2x.png */ = {isa = PBXFileReference; lastKnownFileType = image.png; path = "btn-car1@2x.png"; sourceTree = "<group>"; };
		ED7F0DF119DAE792004F755A /* btn-car2.png */ = {isa = PBXFileReference; lastKnownFileType = image.png; path = "btn-car2.png"; sourceTree = "<group>"; };
		ED7F0DF219DAE792004F755A /* btn-car2@2x.png */ = {isa = PBXFileReference; lastKnownFileType = image.png; path = "btn-car2@2x.png"; sourceTree = "<group>"; };
		ED7F0DF319DAE792004F755A /* btn-car3.png */ = {isa = PBXFileReference; lastKnownFileType = image.png; path = "btn-car3.png"; sourceTree = "<group>"; };
		ED7F0DF419DAE792004F755A /* btn-car3@2x.png */ = {isa = PBXFileReference; lastKnownFileType = image.png; path = "btn-car3@2x.png"; sourceTree = "<group>"; };
		ED7F0DF519DAE792004F755A /* btn-easy.png */ = {isa = PBXFileReference; lastKnownFileType = image.png; path = "btn-easy.png"; sourceTree = "<group>"; };
		ED7F0DF619DAE792004F755A /* btn-easy@2x.png */ = {isa = PBXFileReference; lastKnownFileType = image.png; path = "btn-easy@2x.png"; sourceTree = "<group>"; };
		ED7F0DF719DAE792004F755A /* btn-gamecenter.png */ = {isa = PBXFileReference; lastKnownFileType = image.png; path = "btn-gamecenter.png"; sourceTree = "<group>"; };
		ED7F0DF819DAE792004F755A /* btn-gamecenter@2x.png */ = {isa = PBXFileReference; lastKnownFileType = image.png; path = "btn-gamecenter@2x.png"; sourceTree = "<group>"; };
		ED7F0DF919DAE792004F755A /* btn-hard.png */ = {isa = PBXFileReference; lastKnownFileType = image.png; path = "btn-hard.png"; sourceTree = "<group>"; };
		ED7F0DFA19DAE792004F755A /* btn-hard@2x.png */ = {isa = PBXFileReference; lastKnownFileType = image.png; path = "btn-hard@2x.png"; sourceTree = "<group>"; };
		ED7F0DFB19DAE792004F755A /* btn-medium.png */ = {isa = PBXFileReference; lastKnownFileType = image.png; path = "btn-medium.png"; sourceTree = "<group>"; };
		ED7F0DFC19DAE792004F755A /* btn-medium@2x.png */ = {isa = PBXFileReference; lastKnownFileType = image.png; path = "btn-medium@2x.png"; sourceTree = "<group>"; };
		ED7F0DFD19DAE792004F755A /* btn-pause.png */ = {isa = PBXFileReference; lastKnownFileType = image.png; path = "btn-pause.png"; sourceTree = "<group>"; };
		ED7F0DFE19DAE792004F755A /* btn-pause@2x.png */ = {isa = PBXFileReference; lastKnownFileType = image.png; path = "btn-pause@2x.png"; sourceTree = "<group>"; };
		ED7F0DFF19DAE792004F755A /* btn-play.png */ = {isa = PBXFileReference; lastKnownFileType = image.png; path = "btn-play.png"; sourceTree = "<group>"; };
		ED7F0E0019DAE792004F755A /* btn-play@2x.png */ = {isa = PBXFileReference; lastKnownFileType = image.png; path = "btn-play@2x.png"; sourceTree = "<group>"; };
		ED7F0E0119DAE792004F755A /* knob.png */ = {isa = PBXFileReference; lastKnownFileType = image.png; path = knob.png; sourceTree = "<group>"; };
		ED7F0E0219DAE792004F755A /* knob@2x.png */ = {isa = PBXFileReference; lastKnownFileType = image.png; path = "knob@2x.png"; sourceTree = "<group>"; };
		ED7F0E0319DAE792004F755A /* steering-wheel-horn.png */ = {isa = PBXFileReference; lastKnownFileType = image.png; path = "steering-wheel-horn.png"; sourceTree = "<group>"; };
		ED7F0E0419DAE792004F755A /* steering-wheel-horn@2x.png */ = {isa = PBXFileReference; lastKnownFileType = image.png; path = "steering-wheel-horn@2x.png"; sourceTree = "<group>"; };
		ED7F0E0519DAE792004F755A /* steering-wheel.png */ = {isa = PBXFileReference; lastKnownFileType = image.png; path = "steering-wheel.png"; sourceTree = "<group>"; };
		ED7F0E0619DAE792004F755A /* steering-wheel@2x.png */ = {isa = PBXFileReference; lastKnownFileType = image.png; path = "steering-wheel@2x.png"; sourceTree = "<group>"; };
		ED7F0E0819DAE792004F755A /* LevelDetails.plist */ = {isa = PBXFileReference; fileEncoding = 4; lastKnownFileType = text.plist.xml; path = LevelDetails.plist; sourceTree = "<group>"; };
		ED7F0E0A19DAE792004F755A /* box.wav */ = {isa = PBXFileReference; lastKnownFileType = audio.wav; path = box.wav; sourceTree = "<group>"; };
		ED7F0E0B19DAE792004F755A /* button_press.wav */ = {isa = PBXFileReference; lastKnownFileType = audio.wav; path = button_press.wav; sourceTree = "<group>"; };
		ED7F0E0C19DAE792004F755A /* circuitracer.mp3 */ = {isa = PBXFileReference; lastKnownFileType = audio.mp3; path = circuitracer.mp3; sourceTree = "<group>"; };
		ED7F0E0D19DAE792004F755A /* horn.wav */ = {isa = PBXFileReference; lastKnownFileType = audio.wav; path = horn.wav; sourceTree = "<group>"; };
		ED7F0E0E19DAE792004F755A /* lap.wav */ = {isa = PBXFileReference; lastKnownFileType = audio.wav; path = lap.wav; sourceTree = "<group>"; };
		ED7F0E0F19DAE792004F755A /* nitro.wav */ = {isa = PBXFileReference; lastKnownFileType = audio.wav; path = nitro.wav; sourceTree = "<group>"; };
		ED7F0E1019DAE792004F755A /* sprites.atlas */ = {isa = PBXFileReference; lastKnownFileType = folder.skatlas; path = sprites.atlas; sourceTree = "<group>"; };
		ED7F0E4619DAE88D004F755A /* GameVariables.h */ = {isa = PBXFileReference; lastKnownFileType = sourcecode.c.h; path = GameVariables.h; sourceTree = "<group>"; };
		EDCB5D1619DC260D00640824 /* SKAction+SKTExtras.h */ = {isa = PBXFileReference; fileEncoding = 4; lastKnownFileType = sourcecode.c.h; path = "SKAction+SKTExtras.h"; sourceTree = "<group>"; };
		EDCB5D1719DC260D00640824 /* SKAction+SKTExtras.m */ = {isa = PBXFileReference; fileEncoding = 4; lastKnownFileType = sourcecode.c.objc; path = "SKAction+SKTExtras.m"; sourceTree = "<group>"; };
		EDCB5D1819DC260D00640824 /* SKEmitterNode+SKTExtras.h */ = {isa = PBXFileReference; fileEncoding = 4; lastKnownFileType = sourcecode.c.h; path = "SKEmitterNode+SKTExtras.h"; sourceTree = "<group>"; };
		EDCB5D1919DC260D00640824 /* SKEmitterNode+SKTExtras.m */ = {isa = PBXFileReference; fileEncoding = 4; lastKnownFileType = sourcecode.c.objc; path = "SKEmitterNode+SKTExtras.m"; sourceTree = "<group>"; };
		EDCB5D1A19DC260D00640824 /* SKNode+SKTExtras.h */ = {isa = PBXFileReference; fileEncoding = 4; lastKnownFileType = sourcecode.c.h; path = "SKNode+SKTExtras.h"; sourceTree = "<group>"; };
		EDCB5D1B19DC260D00640824 /* SKNode+SKTExtras.m */ = {isa = PBXFileReference; fileEncoding = 4; lastKnownFileType = sourcecode.c.objc; path = "SKNode+SKTExtras.m"; sourceTree = "<group>"; };
		EDCB5D1C19DC260D00640824 /* SKTAudio.h */ = {isa = PBXFileReference; fileEncoding = 4; lastKnownFileType = sourcecode.c.h; path = SKTAudio.h; sourceTree = "<group>"; };
		EDCB5D1D19DC260D00640824 /* SKTAudio.m */ = {isa = PBXFileReference; fileEncoding = 4; lastKnownFileType = sourcecode.c.objc; path = SKTAudio.m; sourceTree = "<group>"; };
		EDCB5D1E19DC260D00640824 /* SKTUtils.h */ = {isa = PBXFileReference; fileEncoding = 4; lastKnownFileType = sourcecode.c.h; path = SKTUtils.h; sourceTree = "<group>"; };
		EDCB5D1F19DC260D00640824 /* SKTUtils.mm */ = {isa = PBXFileReference; fileEncoding = 4; lastKnownFileType = sourcecode.cpp.objcpp; path = SKTUtils.mm; sourceTree = "<group>"; };
/* End PBXFileReference section */

/* Begin PBXFrameworksBuildPhase section */
		ED7F0DA619DAE761004F755A /* Frameworks */ = {
			isa = PBXFrameworksBuildPhase;
			buildActionMask = 2147483647;
			files = (
			);
			runOnlyForDeploymentPostprocessing = 0;
		};
		ED7F0DC419DAE761004F755A /* Frameworks */ = {
			isa = PBXFrameworksBuildPhase;
			buildActionMask = 2147483647;
			files = (
			);
			runOnlyForDeploymentPostprocessing = 0;
		};
/* End PBXFrameworksBuildPhase section */

/* Begin PBXGroup section */
		ED7F0DA019DAE760004F755A = {
			isa = PBXGroup;
			children = (
				ED7F0DAB19DAE761004F755A /* CircuitRacer */,
				ED7F0DCA19DAE761004F755A /* CircuitRacerTests */,
				ED7F0DAA19DAE761004F755A /* Products */,
			);
			sourceTree = "<group>";
		};
		ED7F0DAA19DAE761004F755A /* Products */ = {
			isa = PBXGroup;
			children = (
				ED7F0DA919DAE761004F755A /* CircuitRacer.app */,
				ED7F0DC719DAE761004F755A /* CircuitRacerTests.xctest */,
			);
			name = Products;
			sourceTree = "<group>";
		};
		ED7F0DAB19DAE761004F755A /* CircuitRacer */ = {
			isa = PBXGroup;
			children = (
				ED7F0DD719DAE792004F755A /* Art */,
				ED7F0DB019DAE761004F755A /* AppDelegate.h */,
				ED7F0DB119DAE761004F755A /* AppDelegate.m */,
				ED7F0DB319DAE761004F755A /* GameScene.h */,
				ED7F0DB419DAE761004F755A /* GameScene.m */,
				ED7F0DB619DAE761004F755A /* GameScene.sks */,
				ED7F0DB819DAE761004F755A /* GameViewController.h */,
				ED7F0DB919DAE761004F755A /* GameViewController.m */,
				ED7F0DBB19DAE761004F755A /* Main.storyboard */,
				ED7F0DBE19DAE761004F755A /* Images.xcassets */,
				ED7F0DC019DAE761004F755A /* LaunchScreen.xib */,
				EDCB5D1519DC260D00640824 /* SKTUtils */,
				ED7F0DAC19DAE761004F755A /* Supporting Files */,
			);
			path = CircuitRacer;
			sourceTree = "<group>";
		};
		ED7F0DAC19DAE761004F755A /* Supporting Files */ = {
			isa = PBXGroup;
			children = (
				ED7F0DAD19DAE761004F755A /* Info.plist */,
				ED7F0DAE19DAE761004F755A /* main.m */,
				ED7F0E4619DAE88D004F755A /* GameVariables.h */,
			);
			name = "Supporting Files";
			sourceTree = "<group>";
		};
		ED7F0DCA19DAE761004F755A /* CircuitRacerTests */ = {
			isa = PBXGroup;
			children = (
				ED7F0DCD19DAE761004F755A /* CircuitRacerTests.m */,
				ED7F0DCB19DAE761004F755A /* Supporting Files */,
			);
			path = CircuitRacerTests;
			sourceTree = "<group>";
		};
		ED7F0DCB19DAE761004F755A /* Supporting Files */ = {
			isa = PBXGroup;
			children = (
				ED7F0DCC19DAE761004F755A /* Info.plist */,
			);
			name = "Supporting Files";
			sourceTree = "<group>";
		};
		ED7F0DD719DAE792004F755A /* Art */ = {
			isa = PBXGroup;
			children = (
				ED7F0DD819DAE792004F755A /* AchievementIcons */,
				ED7F0DDD19DAE792004F755A /* Backgrounds */,
				ED7F0DEA19DAE792004F755A /* Images */,
				ED7F0E0719DAE792004F755A /* Levels */,
				ED7F0E0919DAE792004F755A /* Sounds */,
				ED7F0E1019DAE792004F755A /* sprites.atlas */,
			);
			path = Art;
			sourceTree = "<group>";
		};
		ED7F0DD819DAE792004F755A /* AchievementIcons */ = {
			isa = PBXGroup;
			children = (
				ED7F0DD919DAE792004F755A /* achievement-amateur.png */,
				ED7F0DDA19DAE792004F755A /* achievement-destruction.png */,
				ED7F0DDB19DAE792004F755A /* achievement-intermediate.png */,
				ED7F0DDC19DAE792004F755A /* achievement-professional.png */,
			);
			path = AchievementIcons;
			sourceTree = "<group>";
		};
		ED7F0DDD19DAE792004F755A /* Backgrounds */ = {
			isa = PBXGroup;
			children = (
				ED7F0DDE19DAE792004F755A /* bg-main-menu.png */,
				ED7F0DDF19DAE792004F755A /* bg-main-menu@2x.png */,
				ED7F0DE019DAE792004F755A /* bg-select-car.png */,
				ED7F0DE119DAE792004F755A /* bg-select-car@2x.png */,
				ED7F0DE219DAE792004F755A /* bg-select-difficulty.png */,
				ED7F0DE319DAE792004F755A /* bg-select-difficulty@2x.png */,
				ED7F0DE419DAE792004F755A /* track_1.png */,
				ED7F0DE519DAE792004F755A /* track_1@2x.png */,
				ED7F0DE619DAE792004F755A /* track_2.png */,
				ED7F0DE719DAE792004F755A /* track_2@2x.png */,
				ED7F0DE819DAE792004F755A /* track_3.png */,
				ED7F0DE919DAE792004F755A /* track_3@2x.png */,
			);
			path = Backgrounds;
			sourceTree = "<group>";
		};
		ED7F0DEA19DAE792004F755A /* Images */ = {
			isa = PBXGroup;
			children = (
				ED7F0DEB19DAE792004F755A /* base.png */,
				ED7F0DEC19DAE792004F755A /* base@2x.png */,
				ED7F0DED19DAE792004F755A /* btn-back.png */,
				ED7F0DEE19DAE792004F755A /* btn-back@2x.png */,
				ED7F0DEF19DAE792004F755A /* btn-car1.png */,
				ED7F0DF019DAE792004F755A /* btn-car1@2x.png */,
				ED7F0DF119DAE792004F755A /* btn-car2.png */,
				ED7F0DF219DAE792004F755A /* btn-car2@2x.png */,
				ED7F0DF319DAE792004F755A /* btn-car3.png */,
				ED7F0DF419DAE792004F755A /* btn-car3@2x.png */,
				ED7F0DF519DAE792004F755A /* btn-easy.png */,
				ED7F0DF619DAE792004F755A /* btn-easy@2x.png */,
				ED7F0DF719DAE792004F755A /* btn-gamecenter.png */,
				ED7F0DF819DAE792004F755A /* btn-gamecenter@2x.png */,
				ED7F0DF919DAE792004F755A /* btn-hard.png */,
				ED7F0DFA19DAE792004F755A /* btn-hard@2x.png */,
				ED7F0DFB19DAE792004F755A /* btn-medium.png */,
				ED7F0DFC19DAE792004F755A /* btn-medium@2x.png */,
				ED7F0DFD19DAE792004F755A /* btn-pause.png */,
				ED7F0DFE19DAE792004F755A /* btn-pause@2x.png */,
				ED7F0DFF19DAE792004F755A /* btn-play.png */,
				ED7F0E0019DAE792004F755A /* btn-play@2x.png */,
				ED7F0E0119DAE792004F755A /* knob.png */,
				ED7F0E0219DAE792004F755A /* knob@2x.png */,
				ED7F0E0319DAE792004F755A /* steering-wheel-horn.png */,
				ED7F0E0419DAE792004F755A /* steering-wheel-horn@2x.png */,
				ED7F0E0519DAE792004F755A /* steering-wheel.png */,
				ED7F0E0619DAE792004F755A /* steering-wheel@2x.png */,
			);
			path = Images;
			sourceTree = "<group>";
		};
		ED7F0E0719DAE792004F755A /* Levels */ = {
			isa = PBXGroup;
			children = (
				ED7F0E0819DAE792004F755A /* LevelDetails.plist */,
			);
			path = Levels;
			sourceTree = "<group>";
		};
		ED7F0E0919DAE792004F755A /* Sounds */ = {
			isa = PBXGroup;
			children = (
				ED7F0E0A19DAE792004F755A /* box.wav */,
				ED7F0E0B19DAE792004F755A /* button_press.wav */,
				ED7F0E0C19DAE792004F755A /* circuitracer.mp3 */,
				ED7F0E0D19DAE792004F755A /* horn.wav */,
				ED7F0E0E19DAE792004F755A /* lap.wav */,
				ED7F0E0F19DAE792004F755A /* nitro.wav */,
			);
			path = Sounds;
			sourceTree = "<group>";
		};
		EDCB5D1519DC260D00640824 /* SKTUtils */ = {
			isa = PBXGroup;
			children = (
				EDCB5D1619DC260D00640824 /* SKAction+SKTExtras.h */,
				EDCB5D1719DC260D00640824 /* SKAction+SKTExtras.m */,
				EDCB5D1819DC260D00640824 /* SKEmitterNode+SKTExtras.h */,
				EDCB5D1919DC260D00640824 /* SKEmitterNode+SKTExtras.m */,
				EDCB5D1A19DC260D00640824 /* SKNode+SKTExtras.h */,
				EDCB5D1B19DC260D00640824 /* SKNode+SKTExtras.m */,
				EDCB5D1C19DC260D00640824 /* SKTAudio.h */,
				EDCB5D1D19DC260D00640824 /* SKTAudio.m */,
				EDCB5D1E19DC260D00640824 /* SKTUtils.h */,
				EDCB5D1F19DC260D00640824 /* SKTUtils.mm */,
			);
			path = SKTUtils;
			sourceTree = "<group>";
		};
/* End PBXGroup section */

/* Begin PBXNativeTarget section */
		ED7F0DA819DAE761004F755A /* CircuitRacer */ = {
			isa = PBXNativeTarget;
			buildConfigurationList = ED7F0DD119DAE761004F755A /* Build configuration list for PBXNativeTarget "CircuitRacer" */;
			buildPhases = (
				ED7F0DA519DAE761004F755A /* Sources */,
				ED7F0DA619DAE761004F755A /* Frameworks */,
				ED7F0DA719DAE761004F755A /* Resources */,
			);
			buildRules = (
			);
			dependencies = (
			);
			name = CircuitRacer;
			productName = CircuitRacer;
			productReference = ED7F0DA919DAE761004F755A /* CircuitRacer.app */;
			productType = "com.apple.product-type.application";
		};
		ED7F0DC619DAE761004F755A /* CircuitRacerTests */ = {
			isa = PBXNativeTarget;
			buildConfigurationList = ED7F0DD419DAE761004F755A /* Build configuration list for PBXNativeTarget "CircuitRacerTests" */;
			buildPhases = (
				ED7F0DC319DAE761004F755A /* Sources */,
				ED7F0DC419DAE761004F755A /* Frameworks */,
				ED7F0DC519DAE761004F755A /* Resources */,
			);
			buildRules = (
			);
			dependencies = (
				ED7F0DC919DAE761004F755A /* PBXTargetDependency */,
			);
			name = CircuitRacerTests;
			productName = CircuitRacerTests;
			productReference = ED7F0DC719DAE761004F755A /* CircuitRacerTests.xctest */;
			productType = "com.apple.product-type.bundle.unit-test";
		};
/* End PBXNativeTarget section */

/* Begin PBXProject section */
		ED7F0DA119DAE760004F755A /* Project object */ = {
			isa = PBXProject;
			attributes = {
				LastUpgradeCheck = 0600;
				ORGANIZATIONNAME = "Maynesoft LLC";
				TargetAttributes = {
					ED7F0DA819DAE761004F755A = {
						CreatedOnToolsVersion = 6.0.1;
					};
					ED7F0DC619DAE761004F755A = {
						CreatedOnToolsVersion = 6.0.1;
						TestTargetID = ED7F0DA819DAE761004F755A;
					};
				};
			};
			buildConfigurationList = ED7F0DA419DAE760004F755A /* Build configuration list for PBXProject "CircuitRacer" */;
			compatibilityVersion = "Xcode 3.2";
			developmentRegion = English;
			hasScannedForEncodings = 0;
			knownRegions = (
				en,
				Base,
			);
			mainGroup = ED7F0DA019DAE760004F755A;
			productRefGroup = ED7F0DAA19DAE761004F755A /* Products */;
			projectDirPath = "";
			projectRoot = "";
			targets = (
				ED7F0DA819DAE761004F755A /* CircuitRacer */,
				ED7F0DC619DAE761004F755A /* CircuitRacerTests */,
			);
		};
/* End PBXProject section */

/* Begin PBXResourcesBuildPhase section */
		ED7F0DA719DAE761004F755A /* Resources */ = {
			isa = PBXResourcesBuildPhase;
			buildActionMask = 2147483647;
			files = (
				ED7F0E3A19DAE792004F755A /* steering-wheel-horn@2x.png in Resources */,
				ED7F0E1C19DAE792004F755A /* track_1@2x.png in Resources */,
				ED7F0E2B19DAE792004F755A /* btn-easy.png in Resources */,
				ED7F0E3919DAE792004F755A /* steering-wheel-horn.png in Resources */,
				ED7F0E3319DAE792004F755A /* btn-pause.png in Resources */,
				ED7F0E1119DAE792004F755A /* achievement-amateur.png in Resources */,
				ED7F0DC219DAE761004F755A /* LaunchScreen.xib in Resources */,
				ED7F0E1819DAE792004F755A /* bg-select-car@2x.png in Resources */,
				ED7F0E1419DAE792004F755A /* achievement-professional.png in Resources */,
				ED7F0E2E19DAE792004F755A /* btn-gamecenter@2x.png in Resources */,
				ED7F0E1219DAE792004F755A /* achievement-destruction.png in Resources */,
				ED7F0E2619DAE792004F755A /* btn-car1@2x.png in Resources */,
				ED7F0E4219DAE792004F755A /* lap.wav in Resources */,
				ED7F0E2019DAE792004F755A /* track_3@2x.png in Resources */,
				ED7F0E2319DAE792004F755A /* btn-back.png in Resources */,
				ED7F0E3419DAE792004F755A /* btn-pause@2x.png in Resources */,
				ED7F0DBF19DAE761004F755A /* Images.xcassets in Resources */,
				ED7F0E2519DAE792004F755A /* btn-car1.png in Resources */,
				ED7F0E2F19DAE792004F755A /* btn-hard.png in Resources */,
				ED7F0E3719DAE792004F755A /* knob.png in Resources */,
				ED7F0E1619DAE792004F755A /* bg-main-menu@2x.png in Resources */,
				ED7F0E3819DAE792004F755A /* knob@2x.png in Resources */,
				ED7F0DB719DAE761004F755A /* GameScene.sks in Resources */,
				ED7F0E3B19DAE792004F755A /* steering-wheel.png in Resources */,
				ED7F0E4319DAE792004F755A /* nitro.wav in Resources */,
				ED7F0E1E19DAE792004F755A /* track_2@2x.png in Resources */,
				ED7F0E2C19DAE792004F755A /* btn-easy@2x.png in Resources */,
				ED7F0E1519DAE792004F755A /* bg-main-menu.png in Resources */,
				ED7F0E1719DAE792004F755A /* bg-select-car.png in Resources */,
				ED7F0E3019DAE792004F755A /* btn-hard@2x.png in Resources */,
				ED7F0E3119DAE792004F755A /* btn-medium.png in Resources */,
				ED7F0E1F19DAE792004F755A /* track_3.png in Resources */,
				ED7F0E2819DAE792004F755A /* btn-car2@2x.png in Resources */,
				ED7F0E1319DAE792004F755A /* achievement-intermediate.png in Resources */,
				ED7F0E1B19DAE792004F755A /* track_1.png in Resources */,
				ED7F0DBD19DAE761004F755A /* Main.storyboard in Resources */,
				ED7F0E1D19DAE792004F755A /* track_2.png in Resources */,
				ED7F0E1A19DAE792004F755A /* bg-select-difficulty@2x.png in Resources */,
				ED7F0E1919DAE792004F755A /* bg-select-difficulty.png in Resources */,
				ED7F0E3C19DAE792004F755A /* steering-wheel@2x.png in Resources */,
				ED7F0E4019DAE792004F755A /* circuitracer.mp3 in Resources */,
				ED7F0E2119DAE792004F755A /* base.png in Resources */,
				ED7F0E4419DAE792004F755A /* sprites.atlas in Resources */,
				ED7F0E2419DAE792004F755A /* btn-back@2x.png in Resources */,
				ED7F0E3E19DAE792004F755A /* box.wav in Resources */,
				ED7F0E4119DAE792004F755A /* horn.wav in Resources */,
				ED7F0E3D19DAE792004F755A /* LevelDetails.plist in Resources */,
				ED7F0E3519DAE792004F755A /* btn-play.png in Resources */,
				ED7F0E2719DAE792004F755A /* btn-car2.png in Resources */,
				ED7F0E2D19DAE792004F755A /* btn-gamecenter.png in Resources */,
				ED7F0E2219DAE792004F755A /* base@2x.png in Resources */,
				ED7F0E2A19DAE792004F755A /* btn-car3@2x.png in Resources */,
				ED7F0E3219DAE792004F755A /* btn-medium@2x.png in Resources */,
				ED7F0E3F19DAE792004F755A /* button_press.wav in Resources */,
				ED7F0E2919DAE792004F755A /* btn-car3.png in Resources */,
				ED7F0E3619DAE792004F755A /* btn-play@2x.png in Resources */,
			);
			runOnlyForDeploymentPostprocessing = 0;
		};
		ED7F0DC519DAE761004F755A /* Resources */ = {
			isa = PBXResourcesBuildPhase;
			buildActionMask = 2147483647;
			files = (
			);
			runOnlyForDeploymentPostprocessing = 0;
		};
/* End PBXResourcesBuildPhase section */

/* Begin PBXSourcesBuildPhase section */
		ED7F0DA519DAE761004F755A /* Sources */ = {
			isa = PBXSourcesBuildPhase;
			buildActionMask = 2147483647;
			files = (
				ED7F0DBA19DAE761004F755A /* GameViewController.m in Sources */,
				EDCB5D2319DC260D00640824 /* SKTAudio.m in Sources */,
				ED7F0DB219DAE761004F755A /* AppDelegate.m in Sources */,
				EDCB5D2119DC260D00640824 /* SKEmitterNode+SKTExtras.m in Sources */,
				EDCB5D2419DC260D00640824 /* SKTUtils.mm in Sources */,
				EDCB5D2019DC260D00640824 /* SKAction+SKTExtras.m in Sources */,
				ED7F0DB519DAE761004F755A /* GameScene.m in Sources */,
				EDCB5D2219DC260D00640824 /* SKNode+SKTExtras.m in Sources */,
				ED7F0DAF19DAE761004F755A /* main.m in Sources */,
			);
			runOnlyForDeploymentPostprocessing = 0;
		};
		ED7F0DC319DAE761004F755A /* Sources */ = {
			isa = PBXSourcesBuildPhase;
			buildActionMask = 2147483647;
			files = (
				ED7F0DCE19DAE761004F755A /* CircuitRacerTests.m in Sources */,
			);
			runOnlyForDeploymentPostprocessing = 0;
		};
/* End PBXSourcesBuildPhase section */

/* Begin PBXTargetDependency section */
		ED7F0DC919DAE761004F755A /* PBXTargetDependency */ = {
			isa = PBXTargetDependency;
			target = ED7F0DA819DAE761004F755A /* CircuitRacer */;
			targetProxy = ED7F0DC819DAE761004F755A /* PBXContainerItemProxy */;
		};
/* End PBXTargetDependency section */

/* Begin PBXVariantGroup section */
		ED7F0DBB19DAE761004F755A /* Main.storyboard */ = {
			isa = PBXVariantGroup;
			children = (
				ED7F0DBC19DAE761004F755A /* Base */,
			);
			name = Main.storyboard;
			sourceTree = "<group>";
		};
		ED7F0DC019DAE761004F755A /* LaunchScreen.xib */ = {
			isa = PBXVariantGroup;
			children = (
				ED7F0DC119DAE761004F755A /* Base */,
			);
			name = LaunchScreen.xib;
			sourceTree = "<group>";
		};
/* End PBXVariantGroup section */

/* Begin XCBuildConfiguration section */
		ED7F0DCF19DAE761004F755A /* Debug */ = {
			isa = XCBuildConfiguration;
			buildSettings = {
				ALWAYS_SEARCH_USER_PATHS = NO;
				CLANG_CXX_LANGUAGE_STANDARD = "gnu++0x";
				CLANG_CXX_LIBRARY = "libc++";
				CLANG_ENABLE_MODULES = YES;
				CLANG_ENABLE_OBJC_ARC = YES;
				CLANG_WARN_BOOL_CONVERSION = YES;
				CLANG_WARN_CONSTANT_CONVERSION = YES;
				CLANG_WARN_DIRECT_OBJC_ISA_USAGE = YES_ERROR;
				CLANG_WARN_EMPTY_BODY = YES;
				CLANG_WARN_ENUM_CONVERSION = YES;
				CLANG_WARN_INT_CONVERSION = YES;
				CLANG_WARN_OBJC_ROOT_CLASS = YES_ERROR;
				CLANG_WARN_UNREACHABLE_CODE = YES;
				CLANG_WARN__DUPLICATE_METHOD_MATCH = YES;
				"CODE_SIGN_IDENTITY[sdk=iphoneos*]" = "iPhone Developer";
				COPY_PHASE_STRIP = NO;
				ENABLE_STRICT_OBJC_MSGSEND = YES;
				GCC_C_LANGUAGE_STANDARD = gnu99;
				GCC_DYNAMIC_NO_PIC = NO;
				GCC_OPTIMIZATION_LEVEL = 0;
				GCC_PREPROCESSOR_DEFINITIONS = (
					"DEBUG=1",
					"$(inherited)",
				);
				GCC_SYMBOLS_PRIVATE_EXTERN = NO;
				GCC_WARN_64_TO_32_BIT_CONVERSION = YES;
				GCC_WARN_ABOUT_RETURN_TYPE = YES_ERROR;
				GCC_WARN_UNDECLARED_SELECTOR = YES;
				GCC_WARN_UNINITIALIZED_AUTOS = YES_AGGRESSIVE;
				GCC_WARN_UNUSED_FUNCTION = YES;
				GCC_WARN_UNUSED_VARIABLE = YES;
				IPHONEOS_DEPLOYMENT_TARGET = 8.0;
				MTL_ENABLE_DEBUG_INFO = YES;
				ONLY_ACTIVE_ARCH = YES;
				SDKROOT = iphoneos;
			};
			name = Debug;
		};
		ED7F0DD019DAE761004F755A /* Release */ = {
			isa = XCBuildConfiguration;
			buildSettings = {
				ALWAYS_SEARCH_USER_PATHS = NO;
				CLANG_CXX_LANGUAGE_STANDARD = "gnu++0x";
				CLANG_CXX_LIBRARY = "libc++";
				CLANG_ENABLE_MODULES = YES;
				CLANG_ENABLE_OBJC_ARC = YES;
				CLANG_WARN_BOOL_CONVERSION = YES;
				CLANG_WARN_CONSTANT_CONVERSION = YES;
				CLANG_WARN_DIRECT_OBJC_ISA_USAGE = YES_ERROR;
				CLANG_WARN_EMPTY_BODY = YES;
				CLANG_WARN_ENUM_CONVERSION = YES;
				CLANG_WARN_INT_CONVERSION = YES;
				CLANG_WARN_OBJC_ROOT_CLASS = YES_ERROR;
				CLANG_WARN_UNREACHABLE_CODE = YES;
				CLANG_WARN__DUPLICATE_METHOD_MATCH = YES;
				"CODE_SIGN_IDENTITY[sdk=iphoneos*]" = "iPhone Developer";
				COPY_PHASE_STRIP = YES;
				ENABLE_NS_ASSERTIONS = NO;
				ENABLE_STRICT_OBJC_MSGSEND = YES;
				GCC_C_LANGUAGE_STANDARD = gnu99;
				GCC_WARN_64_TO_32_BIT_CONVERSION = YES;
				GCC_WARN_ABOUT_RETURN_TYPE = YES_ERROR;
				GCC_WARN_UNDECLARED_SELECTOR = YES;
				GCC_WARN_UNINITIALIZED_AUTOS = YES_AGGRESSIVE;
				GCC_WARN_UNUSED_FUNCTION = YES;
				GCC_WARN_UNUSED_VARIABLE = YES;
				IPHONEOS_DEPLOYMENT_TARGET = 8.0;
				MTL_ENABLE_DEBUG_INFO = NO;
				SDKROOT = iphoneos;
				VALIDATE_PRODUCT = YES;
			};
			name = Release;
		};
		ED7F0DD219DAE761004F755A /* Debug */ = {
			isa = XCBuildConfiguration;
			buildSettings = {
				ASSETCATALOG_COMPILER_APPICON_NAME = AppIcon;
				INFOPLIST_FILE = CircuitRacer/Info.plist;
				IPHONEOS_DEPLOYMENT_TARGET = 7.1;
				LD_RUNPATH_SEARCH_PATHS = "$(inherited) @executable_path/Frameworks";
				PRODUCT_NAME = "$(TARGET_NAME)";
			};
			name = Debug;
		};
		ED7F0DD319DAE761004F755A /* Release */ = {
			isa = XCBuildConfiguration;
			buildSettings = {
				ASSETCATALOG_COMPILER_APPICON_NAME = AppIcon;
				INFOPLIST_FILE = CircuitRacer/Info.plist;
				IPHONEOS_DEPLOYMENT_TARGET = 7.1;
				LD_RUNPATH_SEARCH_PATHS = "$(inherited) @executable_path/Frameworks";
				PRODUCT_NAME = "$(TARGET_NAME)";
			};
			name = Release;
		};
		ED7F0DD519DAE761004F755A /* Debug */ = {
			isa = XCBuildConfiguration;
			buildSettings = {
				BUNDLE_LOADER = "$(TEST_HOST)";
				FRAMEWORK_SEARCH_PATHS = (
					"$(SDKROOT)/Developer/Library/Frameworks",
					"$(inherited)",
				);
				GCC_PREPROCESSOR_DEFINITIONS = (
					"DEBUG=1",
					"$(inherited)",
				);
				INFOPLIST_FILE = CircuitRacerTests/Info.plist;
				LD_RUNPATH_SEARCH_PATHS = "$(inherited) @executable_path/Frameworks @loader_path/Frameworks";
				PRODUCT_NAME = "$(TARGET_NAME)";
				TEST_HOST = "$(BUILT_PRODUCTS_DIR)/CircuitRacer.app/CircuitRacer";
			};
			name = Debug;
		};
		ED7F0DD619DAE761004F755A /* Release */ = {
			isa = XCBuildConfiguration;
			buildSettings = {
				BUNDLE_LOADER = "$(TEST_HOST)";
				FRAMEWORK_SEARCH_PATHS = (
					"$(SDKROOT)/Developer/Library/Frameworks",
					"$(inherited)",
				);
				INFOPLIST_FILE = CircuitRacerTests/Info.plist;
				LD_RUNPATH_SEARCH_PATHS = "$(inherited) @executable_path/Frameworks @loader_path/Frameworks";
				PRODUCT_NAME = "$(TARGET_NAME)";
				TEST_HOST = "$(BUILT_PRODUCTS_DIR)/CircuitRacer.app/CircuitRacer";
			};
			name = Release;
		};
/* End XCBuildConfiguration section */

/* Begin XCConfigurationList section */
		ED7F0DA419DAE760004F755A /* Build configuration list for PBXProject "CircuitRacer" */ = {
			isa = XCConfigurationList;
			buildConfigurations = (
				ED7F0DCF19DAE761004F755A /* Debug */,
				ED7F0DD019DAE761004F755A /* Release */,
			);
			defaultConfigurationIsVisible = 0;
			defaultConfigurationName = Release;
		};
		ED7F0DD119DAE761004F755A /* Build configuration list for PBXNativeTarget "CircuitRacer" */ = {
			isa = XCConfigurationList;
			buildConfigurations = (
				ED7F0DD219DAE761004F755A /* Debug */,
				ED7F0DD319DAE761004F755A /* Release */,
			);
			defaultConfigurationIsVisible = 0;
			defaultConfigurationName = Release;
		};
		ED7F0DD419DAE761004F755A /* Build configuration list for PBXNativeTarget "CircuitRacerTests" */ = {
			isa = XCConfigurationList;
			buildConfigurations = (
				ED7F0DD519DAE761004F755A /* Debug */,
				ED7F0DD619DAE761004F755A /* Release */,
			);
			defaultConfigurationIsVisible = 0;
			defaultConfigurationName = Release;
		};
/* End XCConfigurationList section */
	};
	rootObject = ED7F0DA119DAE760004F755A /* Project object */;
}
